
Microsoft Visual Studio Solution File, Format Version 12.00
# Visual Studio Version 17
VisualStudioVersion = 17.9.34728.123
MinimumVisualStudioVersion = 10.0.40219.1
Project("{FAE04EC0-301F-11D3-BF4B-00C04F79EFBC}") = "tvt_project2", "tvt_project2.csproj", "{CE949D02-9B93-446D-907A-1C605122EAA3}"
EndProject
Global
	GlobalSection(SolutionConfigurationPlatforms) = preSolution
		Debug|Any CPU = Debug|Any CPU
		Release|Any CPU = Release|Any CPU
	EndGlobalSection
	GlobalSection(ProjectConfigurationPlatforms) = postSolution
		{CE949D02-9B93-446D-907A-1C605122EAA3}.Debug|Any CPU.ActiveCfg = Debug|Any CPU
		{CE949D02-9B93-446D-907A-1C605122EAA3}.Debug|Any CPU.Build.0 = Debug|Any CPU
		{CE949D02-9B93-446D-907A-1C605122EAA3}.Release|Any CPU.ActiveCfg = Release|Any CPU
		{CE949D02-9B93-446D-907A-1C605122EAA3}.Release|Any CPU.Build.0 = Release|Any CPU
	EndGlobalSection
	GlobalSection(SolutionProperties) = preSolution
		HideSolutionNode = FALSE
	EndGlobalSection
	GlobalSection(ExtensibilityGlobals) = postSolution
		SolutionGuid = {2728FCE5-1F23-47E7-8D7C-8BD05C11E72A}
	EndGlobalSection
EndGlobal
